
Microsoft Visual Studio Solution File, Format Version 12.00
# Visual Studio 15
VisualStudioVersion = 15.0.28010.2036
MinimumVisualStudioVersion = 10.0.40219.1
Project("{FAE04EC0-301F-11D3-BF4B-00C04F79EFBC}") = "RegistoConsumo", "RegistoConsumo\RegistoConsumo.csproj", "{AABA7A44-EB7D-479E-A7CE-5D6EE4392AFA}"
EndProject
Global
	GlobalSection(SolutionConfigurationPlatforms) = preSolution
		Debug|Any CPU = Debug|Any CPU
		Release|Any CPU = Release|Any CPU
	EndGlobalSection
	GlobalSection(ProjectConfigurationPlatforms) = postSolution
		{AABA7A44-EB7D-479E-A7CE-5D6EE4392AFA}.Debug|Any CPU.ActiveCfg = Debug|Any CPU
		{AABA7A44-EB7D-479E-A7CE-5D6EE4392AFA}.Debug|Any CPU.Build.0 = Debug|Any CPU
		{AABA7A44-EB7D-479E-A7CE-5D6EE4392AFA}.Release|Any CPU.ActiveCfg = Release|Any CPU
		{AABA7A44-EB7D-479E-A7CE-5D6EE4392AFA}.Release|Any CPU.Build.0 = Release|Any CPU
	EndGlobalSection
	GlobalSection(SolutionProperties) = preSolution
		HideSolutionNode = FALSE
	EndGlobalSection
	GlobalSection(ExtensibilityGlobals) = postSolution
		SolutionGuid = {6633A4C1-D160-46F1-929C-A7C99D200359}
	EndGlobalSection
EndGlobal
